<?xml version="1.0" encoding="utf-8"?>
<Project ToolsVersion="4.0" xmlns="http://schemas.microsoft.com/developer/msbuild/2003">
  <ItemGroup>
    <Filter Include="Source Files">
      <UniqueIdentifier>{4FC737F1-C7A5-4376-A066-2A32D752A2FF}</UniqueIdentifier>
      <Extensions>cpp;c;cc;cxx;def;odl;idl;hpj;bat;asm;asmx</Extensions>
    </Filter>
    <Filter Include="Header Files">
      <UniqueIdentifier>{93995380-89BD-4b04-88EB-625FBE52EBFB}</UniqueIdentifier>
      <Extensions>h;hpp;hxx;hm;inl;inc;xsd</Extensions>
    </Filter>
    <Filter Include="Resource Files">
      <UniqueIdentifier>{67DA6AB6-F800-4c08-8B7A-83BB121AAD01}</UniqueIdentifier>
      <Extensions>rc;ico;cur;bmp;dlg;rc2;rct;bin;rgs;gif;jpg;jpeg;jpe;resx;tiff;tif;png;wav;mfcribbon-ms</Extensions>
    </Filter>
    <Filter Include="Header Files\compression">
      <UniqueIdentifier>{c5ae2b37-da95-4e93-8930-d4904de67e58}</UniqueIdentifier>
    </Filter>
    <Filter Include="Header Files\streams">
      <UniqueIdentifier>{8d36501c-2a0c-493e-839a-a4dbb4b13854}</UniqueIdentifier>
    </Filter>
    <Filter Include="Header Files\compression\deflate">
      <UniqueIdentifier>{9b9acd63-f31e-4cb5-909f-aebfe102951f}</UniqueIdentifier>
    </Filter>
    <Filter Include="Header Files\compression\lzma">
      <UniqueIdentifier>{d4c8cff5-e22e-45fd-8273-a61104dbc01f}</UniqueIdentifier>
    </Filter>
    <Filter Include="Header Files\streams\streambuffs">
      <UniqueIdentifier>{893f10de-143e-4d88-9a4e-691eb8b10c3a}</UniqueIdentifier>
    </Filter>
    <Filter Include="Header Files\compression\lzma\detail">
      <UniqueIdentifier>{cb5f7d4e-815f-4713-8a1b-e6af9c7b16dd}</UniqueIdentifier>
    </Filter>
    <Filter Include="Header Files\utils">
      <UniqueIdentifier>{3b08c920-2447-4e03-b415-76ef3accef84}</UniqueIdentifier>
    </Filter>
    <Filter Include="Header Files\compression\store">
      <UniqueIdentifier>{bb096c7e-a948-4f55-93fb-34258db3c16a}</UniqueIdentifier>
    </Filter>
    <Filter Include="Header Files\methods">
      <UniqueIdentifier>{37ed4c7a-fa7b-48dc-bf69-0a5557809dd6}</UniqueIdentifier>
    </Filter>
    <Filter Include="Header Files\detail">
      <UniqueIdentifier>{11bb81d5-086d-420f-83c5-c6c559267e0f}</UniqueIdentifier>
    </Filter>
    <Filter Include="Source Files\detail">
      <UniqueIdentifier>{380a885f-3111-4777-a9f2-e6ced1c8b912}</UniqueIdentifier>
    </Filter>
    <Filter Include="Header Files\compression\bzip2">
      <UniqueIdentifier>{97bbccd3-0914-492c-94c1-20dfd544f0fd}</UniqueIdentifier>
    </Filter>
    <Filter Include="Header Files\encryption">
      <UniqueIdentifier>{52069f13-57d3-4b4d-ac46-d9dc112c8d27}</UniqueIdentifier>
    </Filter>
    <Filter Include="Header Files\encryption\aes">
      <UniqueIdentifier>{f250e3f1-0b60-4235-b838-2f90a4ed1ef3}</UniqueIdentifier>
    </Filter>
    <Filter Include="Header Files\encryption\zipcrypto">
      <UniqueIdentifier>{035b2895-bf36-4c18-bb56-cf2ae6b98558}</UniqueIdentifier>
    </Filter>
    <Filter Include="Header Files\encryption\zipcrypto\detail">
      <UniqueIdentifier>{d112a17f-8de4-44f1-b7bd-2bcc3f4e49d9}</UniqueIdentifier>
    </Filter>
    <Filter Include="Header Files\methods\encryption">
      <UniqueIdentifier>{36094c46-e105-493d-a367-a4a5d3806ca9}</UniqueIdentifier>
    </Filter>
    <Filter Include="Header Files\encryption\aes\detail">
      <UniqueIdentifier>{75424ebc-e7ce-4280-bb0c-90a7a2530246}</UniqueIdentifier>
    </Filter>
    <Filter Include="Source Files\methods">
      <UniqueIdentifier>{e487d2ec-485f-4801-9540-de0ecfe0bbaf}</UniqueIdentifier>
    </Filter>
    <Filter Include="Header Files\methods\compression">
      <UniqueIdentifier>{d05db793-9bf2-4b03-b076-d7883f9957e0}</UniqueIdentifier>
    </Filter>
    <Filter Include="Source Files\encryption">
      <UniqueIdentifier>{3c8ee2cb-6481-40f9-acc7-b494b8053612}</UniqueIdentifier>
    </Filter>
    <Filter Include="Source Files\encryption\aes">
      <UniqueIdentifier>{12b290ca-3828-42ff-bd29-e518b3cc1e4a}</UniqueIdentifier>
    </Filter>
    <Filter Include="Source Files\encryption\aes\detail">
      <UniqueIdentifier>{303f267d-4e89-4be2-a35c-9f6e5cae9a78}</UniqueIdentifier>
    </Filter>
    <Filter Include="Header Files\methods\encryption\detail">
      <UniqueIdentifier>{fdd8531d-8da9-439a-bde5-24b55515a5c9}</UniqueIdentifier>
    </Filter>
  </ItemGroup>
  <ItemGroup>
    <ClInclude Include="ZipFile.h">
      <Filter>Header Files</Filter>
    </ClInclude>
    <ClInclude Include="ZipArchiveEntry.h">
      <Filter>Header Files</Filter>
    </ClInclude>
    <ClInclude Include="ZipArchive.h">
      <Filter>Header Files</Filter>
    </ClInclude>
    <ClInclude Include="compression\deflate\deflate_decoder.h">
      <Filter>Header Files\compression\deflate</Filter>
    </ClInclude>
    <ClInclude Include="compression\deflate\deflate_decoder_properties.h">
      <Filter>Header Files\compression\deflate</Filter>
    </ClInclude>
    <ClInclude Include="compression\deflate\deflate_encoder.h">
      <Filter>Header Files\compression\deflate</Filter>
    </ClInclude>
    <ClInclude Include="compression\deflate\deflate_encoder_properties.h">
      <Filter>Header Files\compression\deflate</Filter>
    </ClInclude>
    <ClInclude Include="compression\lzma\detail\lzma_alloc.h">
      <Filter>Header Files\compression\lzma\detail</Filter>
    </ClInclude>
    <ClInclude Include="compression\lzma\detail\lzma_handle.h">
      <Filter>Header Files\compression\lzma\detail</Filter>
    </ClInclude>
    <ClInclude Include="compression\lzma\detail\lzma_header.h">
      <Filter>Header Files\compression\lzma\detail</Filter>
    </ClInclude>
    <ClInclude Include="compression\lzma\detail\lzma_in_stream.h">
      <Filter>Header Files\compression\lzma\detail</Filter>
    </ClInclude>
    <ClInclude Include="compression\lzma\detail\lzma_out_stream.h">
      <Filter>Header Files\compression\lzma\detail</Filter>
    </ClInclude>
    <ClInclude Include="compression\lzma\lzma_decoder.h">
      <Filter>Header Files\compression\lzma</Filter>
    </ClInclude>
    <ClInclude Include="compression\lzma\lzma_decoder_properties.h">
      <Filter>Header Files\compression\lzma</Filter>
    </ClInclude>
    <ClInclude Include="compression\lzma\lzma_encoder.h">
      <Filter>Header Files\compression\lzma</Filter>
    </ClInclude>
    <ClInclude Include="compression\lzma\lzma_encoder_properties.h">
      <Filter>Header Files\compression\lzma</Filter>
    </ClInclude>
    <ClInclude Include="streams\compression_decoder_stream.h">
      <Filter>Header Files\streams</Filter>
    </ClInclude>
    <ClInclude Include="streams\compression_encoder_stream.h">
      <Filter>Header Files\streams</Filter>
    </ClInclude>
    <ClInclude Include="streams\crc32stream.h">
      <Filter>Header Files\streams</Filter>
    </ClInclude>
    <ClInclude Include="streams\memstream.h">
      <Filter>Header Files\streams</Filter>
    </ClInclude>
    <ClInclude Include="streams\serialization.h">
      <Filter>Header Files\streams</Filter>
    </ClInclude>
    <ClInclude Include="streams\substream.h">
      <Filter>Header Files\streams</Filter>
    </ClInclude>
    <ClInclude Include="streams\teestream.h">
      <Filter>Header Files\streams</Filter>
    </ClInclude>
    <ClInclude Include="streams\streambuffs\compression_decoder_streambuf.h">
      <Filter>Header Files\streams\streambuffs</Filter>
    </ClInclude>
    <ClInclude Include="streams\streambuffs\compression_encoder_streambuf.h">
      <Filter>Header Files\streams\streambuffs</Filter>
    </ClInclude>
    <ClInclude Include="streams\streambuffs\crc32_streambuf.h">
      <Filter>Header Files\streams\streambuffs</Filter>
    </ClInclude>
    <ClInclude Include="streams\streambuffs\mem_streambuf.h">
      <Filter>Header Files\streams\streambuffs</Filter>
    </ClInclude>
    <ClInclude Include="streams\streambuffs\sub_streambuf.h">
      <Filter>Header Files\streams\streambuffs</Filter>
    </ClInclude>
    <ClInclude Include="streams\streambuffs\tee_streambuff.h">
      <Filter>Header Files\streams\streambuffs</Filter>
    </ClInclude>
    <ClInclude Include="utils\enum_utils.h">
      <Filter>Header Files\utils</Filter>
    </ClInclude>
    <ClInclude Include="compression\store\store_encoder.h">
      <Filter>Header Files\compression\store</Filter>
    </ClInclude>
    <ClInclude Include="compression\store\store_decoder.h">
      <Filter>Header Files\compression\store</Filter>
    </ClInclude>
    <ClInclude Include="compression\store\store_encoder_properties.h">
      <Filter>Header Files\compression\store</Filter>
    </ClInclude>
    <ClInclude Include="compression\store\store_decoder_properties.h">
      <Filter>Header Files\compression\store</Filter>
    </ClInclude>
    <ClInclude Include="methods\ZipMethodResolver.h">
      <Filter>Header Files\methods</Filter>
    </ClInclude>
    <ClInclude Include="detail\ZipLocalFileHeader.h">
      <Filter>Header Files\detail</Filter>
    </ClInclude>
    <ClInclude Include="detail\EndOfCentralDirectoryBlock.h">
      <Filter>Header Files\detail</Filter>
    </ClInclude>
    <ClInclude Include="detail\ZipCentralDirectoryFileHeader.h">
      <Filter>Header Files\detail</Filter>
    </ClInclude>
    <ClInclude Include="detail\ZipGenericExtraField.h">
      <Filter>Header Files\detail</Filter>
    </ClInclude>
    <ClInclude Include="utils\stream_utils.h">
      <Filter>Header Files\utils</Filter>
    </ClInclude>
    <ClInclude Include="utils\time_utils.h">
      <Filter>Header Files\utils</Filter>
    </ClInclude>
    <ClInclude Include="compression\compression_interface.h">
      <Filter>Header Files\compression</Filter>
    </ClInclude>
    <ClInclude Include="compression\bzip2\bzip2_encoder.h">
      <Filter>Header Files\compression\bzip2</Filter>
    </ClInclude>
    <ClInclude Include="compression\bzip2\bzip2_decoder.h">
      <Filter>Header Files\compression\bzip2</Filter>
    </ClInclude>
    <ClInclude Include="compression\bzip2\bzip2_encoder_properties.h">
      <Filter>Header Files\compression\bzip2</Filter>
    </ClInclude>
    <ClInclude Include="compression\bzip2\bzip2_decoder_properties.h">
      <Filter>Header Files\compression\bzip2</Filter>
    </ClInclude>
    <ClInclude Include="streams\streambuffs\null_streambuf.h">
      <Filter>Header Files\streams\streambuffs</Filter>
    </ClInclude>
    <ClInclude Include="streams\nullstream.h">
      <Filter>Header Files\streams</Filter>
    </ClInclude>
    <ClInclude Include="encryption\zipcrypto\zipcrypto_encoder.h">
      <Filter>Header Files\encryption\zipcrypto</Filter>
    </ClInclude>
    <ClInclude Include="encryption\zipcrypto\zipcrypto_decoder.h">
      <Filter>Header Files\encryption\zipcrypto</Filter>
    </ClInclude>
    <ClInclude Include="encryption\encryption_interface.h">
      <Filter>Header Files\encryption</Filter>
    </ClInclude>
    <ClInclude Include="encryption\zipcrypto\zipcrypto_encoder_properties.h">
      <Filter>Header Files\encryption\zipcrypto</Filter>
    </ClInclude>
    <ClInclude Include="streams\streambuffs\encryption_decoder_streambuf.h">
      <Filter>Header Files\streams\streambuffs</Filter>
    </ClInclude>
    <ClInclude Include="streams\streambuffs\encryption_encoder_streambuf.h">
      <Filter>Header Files\streams\streambuffs</Filter>
    </ClInclude>
    <ClInclude Include="streams\encryption_encoder_stream.h">
      <Filter>Header Files\streams</Filter>
    </ClInclude>
    <ClInclude Include="streams\encryption_decoder_stream.h">
      <Filter>Header Files\streams</Filter>
    </ClInclude>
    <ClInclude Include="encryption\zipcrypto\zipcrypto_decoder_properties.h">
      <Filter>Header Files\encryption\zipcrypto</Filter>
    </ClInclude>
    <ClInclude Include="encryption\zipcrypto\detail\zipcrypto_keys.h">
      <Filter>Header Files\encryption\zipcrypto\detail</Filter>
    </ClInclude>
    <ClInclude Include="encryption\zipcrypto\detail\encryption_header.h">
      <Filter>Header Files\encryption\zipcrypto\detail</Filter>
    </ClInclude>
    <ClInclude Include="encryption\zipcrypto\detail\zipcrypto_encryption_header.h">
      <Filter>Header Files\encryption\zipcrypto\detail</Filter>
    </ClInclude>
    <ClInclude Include="encryption\zipcrypto\detail\zipcrypto.h">
      <Filter>Header Files\encryption\zipcrypto\detail</Filter>
    </ClInclude>
    <ClInclude Include="methods\ZipMethodDescriptor.h">
      <Filter>Header Files\methods</Filter>
    </ClInclude>
    <ClInclude Include="detail\ZipArchiveEntryInfo.h">
      <Filter>Header Files\detail</Filter>
    </ClInclude>
    <ClInclude Include="detail\ZipBitFlag.h">
      <Filter>Header Files\detail</Filter>
    </ClInclude>
    <ClInclude Include="encryption\aes\aes_encoder.h">
      <Filter>Header Files\encryption\aes</Filter>
    </ClInclude>
    <ClInclude Include="encryption\aes\aes_encoder_properties.h">
      <Filter>Header Files\encryption\aes</Filter>
    </ClInclude>
    <ClInclude Include="encryption\aes\aes_decoder.h">
      <Filter>Header Files\encryption\aes</Filter>
    </ClInclude>
    <ClInclude Include="encryption\aes\aes_decoder_properties.h">
      <Filter>Header Files\encryption\aes</Filter>
    </ClInclude>
    <ClInclude Include="methods\CompressionMethod.h">
      <Filter>Header Files\methods</Filter>
    </ClInclude>
    <ClInclude Include="methods\EncryptionMethod.h">
      <Filter>Header Files\methods</Filter>
    </ClInclude>
    <ClInclude Include="methods\MethodTemplate.h">
      <Filter>Header Files\methods</Filter>
    </ClInclude>
    <ClInclude Include="methods\ZipMethod.h">
      <Filter>Header Files\methods</Filter>
    </ClInclude>
    <ClInclude Include="methods\encryption\AesCryptoMethod.h">
      <Filter>Header Files\methods\encryption</Filter>
    </ClInclude>
    <ClInclude Include="methods\encryption\ZipCryptoMethod.h">
      <Filter>Header Files\methods\encryption</Filter>
    </ClInclude>
    <ClInclude Include="methods\compression\Bzip2Method.h">
      <Filter>Header Files\methods\compression</Filter>
    </ClInclude>
    <ClInclude Include="methods\compression\DeflateMethod.h">
      <Filter>Header Files\methods\compression</Filter>
    </ClInclude>
    <ClInclude Include="methods\compression\LzmaMethod.h">
      <Filter>Header Files\methods\compression</Filter>
    </ClInclude>
    <ClInclude Include="methods\compression\StoreMethod.h">
      <Filter>Header Files\methods\compression</Filter>
    </ClInclude>
    <ClInclude Include="streams\streambuffs\audit_streambuf.h">
      <Filter>Header Files\streams\streambuffs</Filter>
    </ClInclude>
    <ClInclude Include="streams\auditstream.h">
      <Filter>Header Files\streams</Filter>
    </ClInclude>
    <ClInclude Include="encryption\aes\common.h">
      <Filter>Header Files\encryption\aes</Filter>
    </ClInclude>
    <ClInclude Include="methods\encryption\detail\AesExtraField.h">
      <Filter>Header Files\methods\encryption\detail</Filter>
    </ClInclude>
    <ClInclude Include="encryption\aes\detail\aes_salt.h">
      <Filter>Header Files\encryption\aes\detail</Filter>
    </ClInclude>
    <ClInclude Include="encryption\aes\detail\aes_types.h">
      <Filter>Header Files\encryption\aes\detail</Filter>
    </ClInclude>
    <ClInclude Include="encryption\aes\detail\aes_impl.h">
      <Filter>Header Files\encryption\aes\detail</Filter>
    </ClInclude>
  </ItemGroup>
  <ItemGroup>
    <ClCompile Include="ZipFile.cpp">
      <Filter>Source Files</Filter>
    </ClCompile>
    <ClCompile Include="ZipArchiveEntry.cpp">
      <Filter>Source Files</Filter>
    </ClCompile>
    <ClCompile Include="ZipArchive.cpp">
      <Filter>Source Files</Filter>
    </ClCompile>
    <ClCompile Include="detail\EndOfCentralDirectoryBlock.cpp">
      <Filter>Source Files\detail</Filter>
    </ClCompile>
    <ClCompile Include="detail\ZipCentralDirectoryFileHeader.cpp">
      <Filter>Source Files\detail</Filter>
    </ClCompile>
    <ClCompile Include="detail\ZipGenericExtraField.cpp">
      <Filter>Source Files\detail</Filter>
    </ClCompile>
    <ClCompile Include="detail\ZipLocalFileHeader.cpp">
      <Filter>Source Files\detail</Filter>
    </ClCompile>
    <ClCompile Include="methods\CompressionMethod.cpp">
      <Filter>Source Files\methods</Filter>
    </ClCompile>
    <ClCompile Include="methods\EncryptionMethod.cpp">
      <Filter>Source Files\methods</Filter>
    </ClCompile>
    <ClCompile Include="encryption\aes\detail\aes_impl.cpp">
      <Filter>Source Files\encryption\aes\detail</Filter>
    </ClCompile>
  </ItemGroup>
</Project>