<?xml version="1.0" encoding="utf-8"?>
<Project ToolsVersion="4.0" xmlns="http://schemas.microsoft.com/developer/msbuild/2003">
  <ItemGroup>
    <Filter Include="Source Files">
      <UniqueIdentifier>{4FC737F1-C7A5-4376-A066-2A32D752A2FF}</UniqueIdentifier>
      <Extensions>cpp;c;cc;cxx;def;odl;idl;hpj;bat;asm;asmx</Extensions>
    </Filter>
    <Filter Include="Header Files">
      <UniqueIdentifier>{93995380-89BD-4b04-88EB-625FBE52EBFB}</UniqueIdentifier>
      <Extensions>h;hh;hpp;hxx;hm;inl;inc;xsd</Extensions>
    </Filter>
    <Filter Include="Resource Files">
      <UniqueIdentifier>{67DA6AB6-F800-4c08-8B7A-83BB121AAD01}</UniqueIdentifier>
      <Extensions>rc;ico;cur;bmp;dlg;rc2;rct;bin;rgs;gif;jpg;jpeg;jpe;resx;tiff;tif;png;wav;mfcribbon-ms</Extensions>
    </Filter>
    <Filter Include="Header Files\Catch">
      <UniqueIdentifier>{f9e89204-aa33-4f58-9a57-690208878924}</UniqueIdentifier>
    </Filter>
    <Filter Include="Header Files\ZipTools">
      <UniqueIdentifier>{19dbcbd3-dfdd-47e0-90ac-094a7a69e608}</UniqueIdentifier>
    </Filter>
    <Filter Include="Source Files\ZipTools">
      <UniqueIdentifier>{d0e50f77-9a54-4990-a44e-36b534c6f4c3}</UniqueIdentifier>
    </Filter>
  </ItemGroup>
  <ItemGroup>
    <ClInclude Include="Catch\catch.h">
      <Filter>Header Files\Catch</Filter>
    </ClInclude>
    <ClInclude Include="ZipTools\IZipTool.h">
      <Filter>Header Files\ZipTools</Filter>
    </ClInclude>
    <ClInclude Include="ZipTools\SevenZipTool.h">
      <Filter>Header Files\ZipTools</Filter>
    </ClInclude>
    <ClInclude Include="Config.h">
      <Filter>Header Files</Filter>
    </ClInclude>
    <ClInclude Include="stdafx.h">
      <Filter>Header Files</Filter>
    </ClInclude>
    <ClInclude Include="Utils.h">
      <Filter>Header Files</Filter>
    </ClInclude>
  </ItemGroup>
  <ItemGroup>
    <ClCompile Include="ZipTools\SevenZipTool.cpp">
      <Filter>Source Files\ZipTools</Filter>
    </ClCompile>
    <ClCompile Include="Main.cpp">
      <Filter>Source Files</Filter>
    </ClCompile>
    <ClCompile Include="Utils.cpp">
      <Filter>Source Files</Filter>
    </ClCompile>
  </ItemGroup>
</Project>